
Microsoft Visual Studio Solution File, Format Version 12.00
# Visual Studio 15
VisualStudioVersion = 15.0.27428.2027
MinimumVisualStudioVersion = 10.0.40219.1
Project("{FAE04EC0-301F-11D3-BF4B-00C04F79EFBC}") = "MaesrkLine", "MaesrkLine\MaesrkLine.csproj", "{AC91D622-3CA4-44DA-B376-5737D3D4F631}"
EndProject
Global
	GlobalSection(SolutionConfigurationPlatforms) = preSolution
		Debug|Any CPU = Debug|Any CPU
		Release|Any CPU = Release|Any CPU
	EndGlobalSection
	GlobalSection(ProjectConfigurationPlatforms) = postSolution
		{AC91D622-3CA4-44DA-B376-5737D3D4F631}.Debug|Any CPU.ActiveCfg = Debug|Any CPU
		{AC91D622-3CA4-44DA-B376-5737D3D4F631}.Debug|Any CPU.Build.0 = Debug|Any CPU
		{AC91D622-3CA4-44DA-B376-5737D3D4F631}.Release|Any CPU.ActiveCfg = Release|Any CPU
		{AC91D622-3CA4-44DA-B376-5737D3D4F631}.Release|Any CPU.Build.0 = Release|Any CPU
	EndGlobalSection
	GlobalSection(SolutionProperties) = preSolution
		HideSolutionNode = FALSE
	EndGlobalSection
	GlobalSection(ExtensibilityGlobals) = postSolution
		SolutionGuid = {66371300-C710-4307-A7AC-065DA5C52EDD}
	EndGlobalSection
EndGlobal
